// !$*UTF8*$!
{
	archiveVersion = 1;
	classes = {
	};
	objectVersion = 77;
	objects = {

/* Begin PBXContainerItemProxy section */
		820970382E41F8A600EF1D2C /* PBXContainerItemProxy */ = {
			isa = PBXContainerItemProxy;
			containerPortal = 820970222E41F8A300EF1D2C /* Project object */;
			proxyType = 1;
			remoteGlobalIDString = 820970292E41F8A300EF1D2C;
			remoteInfo = "simple-todo-ios";
		};
		820970422E41F8A600EF1D2C /* PBXContainerItemProxy */ = {
			isa = PBXContainerItemProxy;
			containerPortal = 820970222E41F8A300EF1D2C /* Project object */;
			proxyType = 1;
			remoteGlobalIDString = 820970292E41F8A300EF1D2C;
			remoteInfo = "simple-todo-ios";
		};
/* End PBXContainerItemProxy section */

/* Begin PBXFileReference section */
		8209702A2E41F8A300EF1D2C /* simple-todo-ios.app */ = {isa = PBXFileReference; explicitFileType = wrapper.application; includeInIndex = 0; path = "simple-todo-ios.app"; sourceTree = BUILT_PRODUCTS_DIR; };
		820970372E41F8A600EF1D2C /* simple-todo-iosTests.xctest */ = {isa = PBXFileReference; explicitFileType = wrapper.cfbundle; includeInIndex = 0; path = "simple-todo-iosTests.xctest"; sourceTree = BUILT_PRODUCTS_DIR; };
		820970412E41F8A600EF1D2C /* simple-todo-iosUITests.xctest */ = {isa = PBXFileReference; explicitFileType = wrapper.cfbundle; includeInIndex = 0; path = "simple-todo-iosUITests.xctest"; sourceTree = BUILT_PRODUCTS_DIR; };
/* End PBXFileReference section */

/* Begin PBXFileSystemSynchronizedRootGroup section */
		8209702C2E41F8A300EF1D2C /* simple-todo-ios */ = {
			isa = PBXFileSystemSynchronizedRootGroup;
			path = "simple-todo-ios";
			sourceTree = "<group>";
		};
		8209703A2E41F8A600EF1D2C /* simple-todo-iosTests */ = {
			isa = PBXFileSystemSynchronizedRootGroup;
			path = "simple-todo-iosTests";
			sourceTree = "<group>";
		};
		820970442E41F8A600EF1D2C /* simple-todo-iosUITests */ = {
			isa = PBXFileSystemSynchronizedRootGroup;
			path = "simple-todo-iosUITests";
			sourceTree = "<group>";
		};
/* End PBXFileSystemSynchronizedRootGroup section */

/* Begin PBXFrameworksBuildPhase section */
		820970272E41F8A300EF1D2C /* Frameworks */ = {
			isa = PBXFrameworksBuildPhase;
			buildActionMask = 2147483647;
			files = (
			);
			runOnlyForDeploymentPostprocessing = 0;
		};
		820970342E41F8A600EF1D2C /* Frameworks */ = {
			isa = PBXFrameworksBuildPhase;
			buildActionMask = 2147483647;
			files = (
			);
			runOnlyForDeploymentPostprocessing = 0;
		};
		8209703E2E41F8A600EF1D2C /* Frameworks */ = {
			isa = PBXFrameworksBuildPhase;
			buildActionMask = 2147483647;
			files = (
			);
			runOnlyForDeploymentPostprocessing = 0;
		};
/* End PBXFrameworksBuildPhase section */

/* Begin PBXGroup section */
		820970212E41F8A300EF1D2C = {
			isa = PBXGroup;
			children = (
				8209702C2E41F8A300EF1D2C /* simple-todo-ios */,
				8209703A2E41F8A600EF1D2C /* simple-todo-iosTests */,
				820970442E41F8A600EF1D2C /* simple-todo-iosUITests */,
				8209702B2E41F8A300EF1D2C /* Products */,
			);
			sourceTree = "<group>";
		};
		8209702B2E41F8A300EF1D2C /* Products */ = {
			isa = PBXGroup;
			children = (
				8209702A2E41F8A300EF1D2C /* simple-todo-ios.app */,
				820970372E41F8A600EF1D2C /* simple-todo-iosTests.xctest */,
				820970412E41F8A600EF1D2C /* simple-todo-iosUITests.xctest */,
			);
			name = Products;
			sourceTree = "<group>";
		};
/* End PBXGroup section */

/* Begin PBXNativeTarget section */
		820970292E41F8A300EF1D2C /* simple-todo-ios */ = {
			isa = PBXNativeTarget;
			buildConfigurationList = 8209704B2E41F8A600EF1D2C /* Build configuration list for PBXNativeTarget "simple-todo-ios" */;
			buildPhases = (
				820970262E41F8A300EF1D2C /* Sources */,
				820970272E41F8A300EF1D2C /* Frameworks */,
				820970282E41F8A300EF1D2C /* Resources */,
			);
			buildRules = (
			);
			dependencies = (
			);
			fileSystemSynchronizedGroups = (
				8209702C2E41F8A300EF1D2C /* simple-todo-ios */,
			);
			name = "simple-todo-ios";
			packageProductDependencies = (
			);
			productName = "simple-todo-ios";
			productReference = 8209702A2E41F8A300EF1D2C /* simple-todo-ios.app */;
			productType = "com.apple.product-type.application";
		};
		820970362E41F8A600EF1D2C /* simple-todo-iosTests */ = {
			isa = PBXNativeTarget;
			buildConfigurationList = 8209704E2E41F8A600EF1D2C /* Build configuration list for PBXNativeTarget "simple-todo-iosTests" */;
			buildPhases = (
				820970332E41F8A600EF1D2C /* Sources */,
				820970342E41F8A600EF1D2C /* Frameworks */,
				820970352E41F8A600EF1D2C /* Resources */,
			);
			buildRules = (
			);
			dependencies = (
				820970392E41F8A600EF1D2C /* PBXTargetDependency */,
			);
			fileSystemSynchronizedGroups = (
				8209703A2E41F8A600EF1D2C /* simple-todo-iosTests */,
			);
			name = "simple-todo-iosTests";
			packageProductDependencies = (
			);
			productName = "simple-todo-iosTests";
			productReference = 820970372E41F8A600EF1D2C /* simple-todo-iosTests.xctest */;
			productType = "com.apple.product-type.bundle.unit-test";
		};
		820970402E41F8A600EF1D2C /* simple-todo-iosUITests */ = {
			isa = PBXNativeTarget;
			buildConfigurationList = 820970512E41F8A600EF1D2C /* Build configuration list for PBXNativeTarget "simple-todo-iosUITests" */;
			buildPhases = (
				8209703D2E41F8A600EF1D2C /* Sources */,
				8209703E2E41F8A600EF1D2C /* Frameworks */,
				8209703F2E41F8A600EF1D2C /* Resources */,
			);
			buildRules = (
			);
			dependencies = (
				820970432E41F8A600EF1D2C /* PBXTargetDependency */,
			);
			fileSystemSynchronizedGroups = (
				820970442E41F8A600EF1D2C /* simple-todo-iosUITests */,
			);
			name = "simple-todo-iosUITests";
			packageProductDependencies = (
			);
			productName = "simple-todo-iosUITests";
			productReference = 820970412E41F8A600EF1D2C /* simple-todo-iosUITests.xctest */;
			productType = "com.apple.product-type.bundle.ui-testing";
		};
/* End PBXNativeTarget section */

/* Begin PBXProject section */
		820970222E41F8A300EF1D2C /* Project object */ = {
			isa = PBXProject;
			attributes = {
				BuildIndependentTargetsInParallel = 1;
				LastSwiftUpdateCheck = 1640;
				LastUpgradeCheck = 1640;
				TargetAttributes = {
					820970292E41F8A300EF1D2C = {
						CreatedOnToolsVersion = 16.4;
					};
					820970362E41F8A600EF1D2C = {
						CreatedOnToolsVersion = 16.4;
						TestTargetID = 820970292E41F8A300EF1D2C;
					};
					820970402E41F8A600EF1D2C = {
						CreatedOnToolsVersion = 16.4;
						TestTargetID = 820970292E41F8A300EF1D2C;
					};
				};
			};
			buildConfigurationList = 820970252E41F8A300EF1D2C /* Build configuration list for PBXProject "simple-todo-ios" */;
			developmentRegion = en;
			hasScannedForEncodings = 0;
			knownRegions = (
				en,
				Base,
			);
			mainGroup = 820970212E41F8A300EF1D2C;
			minimizedProjectReferenceProxies = 1;
			preferredProjectObjectVersion = 77;
			productRefGroup = 8209702B2E41F8A300EF1D2C /* Products */;
			projectDirPath = "";
			projectRoot = "";
			targets = (
				820970292E41F8A300EF1D2C /* simple-todo-ios */,
				820970362E41F8A600EF1D2C /* simple-todo-iosTests */,
				820970402E41F8A600EF1D2C /* simple-todo-iosUITests */,
			);
		};
/* End PBXProject section */

/* Begin PBXResourcesBuildPhase section */
		820970282E41F8A300EF1D2C /* Resources */ = {
			isa = PBXResourcesBuildPhase;
			buildActionMask = 2147483647;
			files = (
			);
			runOnlyForDeploymentPostprocessing = 0;
		};
		820970352E41F8A600EF1D2C /* Resources */ = {
			isa = PBXResourcesBuildPhase;
			buildActionMask = 2147483647;
			files = (
			);
			runOnlyForDeploymentPostprocessing = 0;
		};
		8209703F2E41F8A600EF1D2C /* Resources */ = {
			isa = PBXResourcesBuildPhase;
			buildActionMask = 2147483647;
			files = (
			);
			runOnlyForDeploymentPostprocessing = 0;
		};
/* End PBXResourcesBuildPhase section */

/* Begin PBXSourcesBuildPhase section */
		820970262E41F8A300EF1D2C /* Sources */ = {
			isa = PBXSourcesBuildPhase;
			buildActionMask = 2147483647;
			files = (
			);
			runOnlyForDeploymentPostprocessing = 0;
		};
		820970332E41F8A600EF1D2C /* Sources */ = {
			isa = PBXSourcesBuildPhase;
			buildActionMask = 2147483647;
			files = (
			);
			runOnlyForDeploymentPostprocessing = 0;
		};
		8209703D2E41F8A600EF1D2C /* Sources */ = {
			isa = PBXSourcesBuildPhase;
			buildActionMask = 2147483647;
			files = (
			);
			runOnlyForDeploymentPostprocessing = 0;
		};
/* End PBXSourcesBuildPhase section */

/* Begin PBXTargetDependency section */
		820970392E41F8A600EF1D2C /* PBXTargetDependency */ = {
			isa = PBXTargetDependency;
			target = 820970292E41F8A300EF1D2C /* simple-todo-ios */;
			targetProxy = 820970382E41F8A600EF1D2C /* PBXContainerItemProxy */;
		};
		820970432E41F8A600EF1D2C /* PBXTargetDependency */ = {
			isa = PBXTargetDependency;
			target = 820970292E41F8A300EF1D2C /* simple-todo-ios */;
			targetProxy = 820970422E41F8A600EF1D2C /* PBXContainerItemProxy */;
		};
/* End PBXTargetDependency section */

/* Begin XCBuildConfiguration section */
		820970492E41F8A600EF1D2C /* Debug */ = {
			isa = XCBuildConfiguration;
			buildSettings = {
				ALWAYS_SEARCH_USER_PATHS = NO;
				ASSETCATALOG_COMPILER_GENERATE_SWIFT_ASSET_SYMBOL_EXTENSIONS = YES;
				CLANG_ANALYZER_NONNULL = YES;
				CLANG_ANALYZER_NUMBER_OBJECT_CONVERSION = YES_AGGRESSIVE;
				CLANG_CXX_LANGUAGE_STANDARD = "gnu++20";
				CLANG_ENABLE_MODULES = YES;
				CLANG_ENABLE_OBJC_ARC = YES;
				CLANG_ENABLE_OBJC_WEAK = YES;
				CLANG_WARN_BLOCK_CAPTURE_AUTORELEASING = YES;
				CLANG_WARN_BOOL_CONVERSION = YES;
				CLANG_WARN_COMMA = YES;
				CLANG_WARN_CONSTANT_CONVERSION = YES;
				CLANG_WARN_DEPRECATED_OBJC_IMPLEMENTATIONS = YES;
				CLANG_WARN_DIRECT_OBJC_ISA_USAGE = YES_ERROR;
				CLANG_WARN_DOCUMENTATION_COMMENTS = YES;
				CLANG_WARN_EMPTY_BODY = YES;
				CLANG_WARN_ENUM_CONVERSION = YES;
				CLANG_WARN_INFINITE_RECURSION = YES;
				CLANG_WARN_INT_CONVERSION = YES;
				CLANG_WARN_NON_LITERAL_NULL_CONVERSION = YES;
				CLANG_WARN_OBJC_IMPLICIT_RETAIN_SELF = YES;
				CLANG_WARN_OBJC_LITERAL_CONVERSION = YES;
				CLANG_WARN_OBJC_ROOT_CLASS = YES_ERROR;
				CLANG_WARN_QUOTED_INCLUDE_IN_FRAMEWORK_HEADER = YES;
				CLANG_WARN_RANGE_LOOP_ANALYSIS = YES;
				CLANG_WARN_STRICT_PROTOTYPES = YES;
				CLANG_WARN_SUSPICIOUS_MOVE = YES;
				CLANG_WARN_UNGUARDED_AVAILABILITY = YES_AGGRESSIVE;
				CLANG_WARN_UNREACHABLE_CODE = YES;
				CLANG_WARN__DUPLICATE_METHOD_MATCH = YES;
				COPY_PHASE_STRIP = NO;
				DEBUG_INFORMATION_FORMAT = dwarf;
				ENABLE_STRICT_OBJC_MSGSEND = YES;
				ENABLE_TESTABILITY = YES;
				ENABLE_USER_SCRIPT_SANDBOXING = YES;
				GCC_C_LANGUAGE_STANDARD = gnu17;
				GCC_DYNAMIC_NO_PIC = NO;
				GCC_NO_COMMON_BLOCKS = YES;
				GCC_OPTIMIZATION_LEVEL = 0;
				GCC_PREPROCESSOR_DEFINITIONS = (
					"DEBUG=1",
					"$(inherited)",
				);
				GCC_WARN_64_TO_32_BIT_CONVERSION = YES;
				GCC_WARN_ABOUT_RETURN_TYPE = YES_ERROR;
				GCC_WARN_UNDECLARED_SELECTOR = YES;
				GCC_WARN_UNINITIALIZED_AUTOS = YES_AGGRESSIVE;
				GCC_WARN_UNUSED_FUNCTION = YES;
				GCC_WARN_UNUSED_VARIABLE = YES;
				IPHONEOS_DEPLOYMENT_TARGET = 18.5;
				LOCALIZATION_PREFERS_STRING_CATALOGS = YES;
				MTL_ENABLE_DEBUG_INFO = INCLUDE_SOURCE;
				MTL_FAST_MATH = YES;
				ONLY_ACTIVE_ARCH = YES;
				SDKROOT = iphoneos;
				SWIFT_ACTIVE_COMPILATION_CONDITIONS = "DEBUG $(inherited)";
				SWIFT_OPTIMIZATION_LEVEL = "-Onone";
			};
			name = Debug;
		};
		8209704A2E41F8A600EF1D2C /* Release */ = {
			isa = XCBuildConfiguration;
			buildSettings = {
				ALWAYS_SEARCH_USER_PATHS = NO;
				ASSETCATALOG_COMPILER_GENERATE_SWIFT_ASSET_SYMBOL_EXTENSIONS = YES;
				CLANG_ANALYZER_NONNULL = YES;
				CLANG_ANALYZER_NUMBER_OBJECT_CONVERSION = YES_AGGRESSIVE;
				CLANG_CXX_LANGUAGE_STANDARD = "gnu++20";
				CLANG_ENABLE_MODULES = YES;
				CLANG_ENABLE_OBJC_ARC = YES;
				CLANG_ENABLE_OBJC_WEAK = YES;
				CLANG_WARN_BLOCK_CAPTURE_AUTORELEASING = YES;
				CLANG_WARN_BOOL_CONVERSION = YES;
				CLANG_WARN_COMMA = YES;
				CLANG_WARN_CONSTANT_CONVERSION = YES;
				CLANG_WARN_DEPRECATED_OBJC_IMPLEMENTATIONS = YES;
				CLANG_WARN_DIRECT_OBJC_ISA_USAGE = YES_ERROR;
				CLANG_WARN_DOCUMENTATION_COMMENTS = YES;
				CLANG_WARN_EMPTY_BODY = YES;
				CLANG_WARN_ENUM_CONVERSION = YES;
				CLANG_WARN_INFINITE_RECURSION = YES;
				CLANG_WARN_INT_CONVERSION = YES;
				CLANG_WARN_NON_LITERAL_NULL_CONVERSION = YES;
				CLANG_WARN_OBJC_IMPLICIT_RETAIN_SELF = YES;
				CLANG_WARN_OBJC_LITERAL_CONVERSION = YES;
				CLANG_WARN_OBJC_ROOT_CLASS = YES_ERROR;
				CLANG_WARN_QUOTED_INCLUDE_IN_FRAMEWORK_HEADER = YES;
				CLANG_WARN_RANGE_LOOP_ANALYSIS = YES;
				CLANG_WARN_STRICT_PROTOTYPES = YES;
				CLANG_WARN_SUSPICIOUS_MOVE = YES;
				CLANG_WARN_UNGUARDED_AVAILABILITY = YES_AGGRESSIVE;
				CLANG_WARN_UNREACHABLE_CODE = YES;
				CLANG_WARN__DUPLICATE_METHOD_MATCH = YES;
				COPY_PHASE_STRIP = NO;
				DEBUG_INFORMATION_FORMAT = "dwarf-with-dsym";
				ENABLE_NS_ASSERTIONS = NO;
				ENABLE_STRICT_OBJC_MSGSEND = YES;
				ENABLE_USER_SCRIPT_SANDBOXING = YES;
				GCC_C_LANGUAGE_STANDARD = gnu17;
				GCC_NO_COMMON_BLOCKS = YES;
				GCC_WARN_64_TO_32_BIT_CONVERSION = YES;
				GCC_WARN_ABOUT_RETURN_TYPE = YES_ERROR;
				GCC_WARN_UNDECLARED_SELECTOR = YES;
				GCC_WARN_UNINITIALIZED_AUTOS = YES_AGGRESSIVE;
				GCC_WARN_UNUSED_FUNCTION = YES;
				GCC_WARN_UNUSED_VARIABLE = YES;
				IPHONEOS_DEPLOYMENT_TARGET = 18.5;
				LOCALIZATION_PREFERS_STRING_CATALOGS = YES;
				MTL_ENABLE_DEBUG_INFO = NO;
				MTL_FAST_MATH = YES;
				SDKROOT = iphoneos;
				SWIFT_COMPILATION_MODE = wholemodule;
				VALIDATE_PRODUCT = YES;
			};
			name = Release;
		};
		8209704C2E41F8A600EF1D2C /* Debug */ = {
			isa = XCBuildConfiguration;
			buildSettings = {
				ASSETCATALOG_COMPILER_APPICON_NAME = AppIcon;
				ASSETCATALOG_COMPILER_GLOBAL_ACCENT_COLOR_NAME = AccentColor;
				CODE_SIGN_STYLE = Automatic;
				CURRENT_PROJECT_VERSION = 1;
				ENABLE_PREVIEWS = YES;
				GENERATE_INFOPLIST_FILE = YES;
				INFOPLIST_KEY_UIApplicationSceneManifest_Generation = YES;
				INFOPLIST_KEY_UIApplicationSupportsIndirectInputEvents = YES;
				INFOPLIST_KEY_UILaunchScreen_Generation = YES;
				INFOPLIST_KEY_UISupportedInterfaceOrientations_iPad = "UIInterfaceOrientationPortrait UIInterfaceOrientationPortraitUpsideDown UIInterfaceOrientationLandscapeLeft UIInterfaceOrientationLandscapeRight";
				INFOPLIST_KEY_UISupportedInterfaceOrientations_iPhone = "UIInterfaceOrientationPortrait UIInterfaceOrientationLandscapeLeft UIInterfaceOrientationLandscapeRight";
				LD_RUNPATH_SEARCH_PATHS = (
					"$(inherited)",
					"@executable_path/Frameworks",
				);
				MARKETING_VERSION = 1.0;
				PRODUCT_BUNDLE_IDENTIFIER = "com.mytest.simple-todo-ios";
				PRODUCT_NAME = "$(TARGET_NAME)";
				SWIFT_EMIT_LOC_STRINGS = YES;
				SWIFT_VERSION = 5.0;
				TARGETED_DEVICE_FAMILY = "1,2";
			};
			name = Debug;
		};
		8209704D2E41F8A600EF1D2C /* Release */ = {
			isa = XCBuildConfiguration;
			buildSettings = {
				ASSETCATALOG_COMPILER_APPICON_NAME = AppIcon;
				ASSETCATALOG_COMPILER_GLOBAL_ACCENT_COLOR_NAME = AccentColor;
				CODE_SIGN_STYLE = Automatic;
				CURRENT_PROJECT_VERSION = 1;
				ENABLE_PREVIEWS = YES;
				GENERATE_INFOPLIST_FILE = YES;
				INFOPLIST_KEY_UIApplicationSceneManifest_Generation = YES;
				INFOPLIST_KEY_UIApplicationSupportsIndirectInputEvents = YES;
				INFOPLIST_KEY_UILaunchScreen_Generation = YES;
				INFOPLIST_KEY_UISupportedInterfaceOrientations_iPad = "UIInterfaceOrientationPortrait UIInterfaceOrientationPortraitUpsideDown UIInterfaceOrientationLandscapeLeft UIInterfaceOrientationLandscapeRight";
				INFOPLIST_KEY_UISupportedInterfaceOrientations_iPhone = "UIInterfaceOrientationPortrait UIInterfaceOrientationLandscapeLeft UIInterfaceOrientationLandscapeRight";
				LD_RUNPATH_SEARCH_PATHS = (
					"$(inherited)",
					"@executable_path/Frameworks",
				);
				MARKETING_VERSION = 1.0;
				PRODUCT_BUNDLE_IDENTIFIER = "com.mytest.simple-todo-ios";
				PRODUCT_NAME = "$(TARGET_NAME)";
				SWIFT_EMIT_LOC_STRINGS = YES;
				SWIFT_VERSION = 5.0;
				TARGETED_DEVICE_FAMILY = "1,2";
			};
			name = Release;
		};
		8209704F2E41F8A600EF1D2C /* Debug */ = {
			isa = XCBuildConfiguration;
			buildSettings = {
				BUNDLE_LOADER = "$(TEST_HOST)";
				CODE_SIGN_STYLE = Automatic;
				CURRENT_PROJECT_VERSION = 1;
				GENERATE_INFOPLIST_FILE = YES;
				IPHONEOS_DEPLOYMENT_TARGET = 18.5;
				MARKETING_VERSION = 1.0;
				PRODUCT_BUNDLE_IDENTIFIER = "com.mytest.simple-todo-iosTests";
				PRODUCT_NAME = "$(TARGET_NAME)";
				SWIFT_EMIT_LOC_STRINGS = NO;
				SWIFT_VERSION = 5.0;
				TARGETED_DEVICE_FAMILY = "1,2";
				TEST_HOST = "$(BUILT_PRODUCTS_DIR)/simple-todo-ios.app/$(BUNDLE_EXECUTABLE_FOLDER_PATH)/simple-todo-ios";
			};
			name = Debug;
		};
		820970502E41F8A600EF1D2C /* Release */ = {
			isa = XCBuildConfiguration;
			buildSettings = {
				BUNDLE_LOADER = "$(TEST_HOST)";
				CODE_SIGN_STYLE = Automatic;
				CURRENT_PROJECT_VERSION = 1;
				GENERATE_INFOPLIST_FILE = YES;
				IPHONEOS_DEPLOYMENT_TARGET = 18.5;
				MARKETING_VERSION = 1.0;
				PRODUCT_BUNDLE_IDENTIFIER = "com.mytest.simple-todo-iosTests";
				PRODUCT_NAME = "$(TARGET_NAME)";
				SWIFT_EMIT_LOC_STRINGS = NO;
				SWIFT_VERSION = 5.0;
				TARGETED_DEVICE_FAMILY = "1,2";
				TEST_HOST = "$(BUILT_PRODUCTS_DIR)/simple-todo-ios.app/$(BUNDLE_EXECUTABLE_FOLDER_PATH)/simple-todo-ios";
			};
			name = Release;
		};
		820970522E41F8A600EF1D2C /* Debug */ = {
			isa = XCBuildConfiguration;
			buildSettings = {
				CODE_SIGN_STYLE = Automatic;
				CURRENT_PROJECT_VERSION = 1;
				GENERATE_INFOPLIST_FILE = YES;
				MARKETING_VERSION = 1.0;
				PRODUCT_BUNDLE_IDENTIFIER = "com.mytest.simple-todo-iosUITests";
				PRODUCT_NAME = "$(TARGET_NAME)";
				SWIFT_EMIT_LOC_STRINGS = NO;
				SWIFT_VERSION = 5.0;
				TARGETED_DEVICE_FAMILY = "1,2";
				TEST_TARGET_NAME = "simple-todo-ios";
			};
			name = Debug;
		};
		820970532E41F8A600EF1D2C /* Release */ = {
			isa = XCBuildConfiguration;
			buildSettings = {
				CODE_SIGN_STYLE = Automatic;
				CURRENT_PROJECT_VERSION = 1;
				GENERATE_INFOPLIST_FILE = YES;
				MARKETING_VERSION = 1.0;
				PRODUCT_BUNDLE_IDENTIFIER = "com.mytest.simple-todo-iosUITests";
				PRODUCT_NAME = "$(TARGET_NAME)";
				SWIFT_EMIT_LOC_STRINGS = NO;
				SWIFT_VERSION = 5.0;
				TARGETED_DEVICE_FAMILY = "1,2";
				TEST_TARGET_NAME = "simple-todo-ios";
			};
			name = Release;
		};
/* End XCBuildConfiguration section */

/* Begin XCConfigurationList section */
		820970252E41F8A300EF1D2C /* Build configuration list for PBXProject "simple-todo-ios" */ = {
			isa = XCConfigurationList;
			buildConfigurations = (
				820970492E41F8A600EF1D2C /* Debug */,
				8209704A2E41F8A600EF1D2C /* Release */,
			);
			defaultConfigurationIsVisible = 0;
			defaultConfigurationName = Release;
		};
		8209704B2E41F8A600EF1D2C /* Build configuration list for PBXNativeTarget "simple-todo-ios" */ = {
			isa = XCConfigurationList;
			buildConfigurations = (
				8209704C2E41F8A600EF1D2C /* Debug */,
				8209704D2E41F8A600EF1D2C /* Release */,
			);
			defaultConfigurationIsVisible = 0;
			defaultConfigurationName = Release;
		};
		8209704E2E41F8A600EF1D2C /* Build configuration list for PBXNativeTarget "simple-todo-iosTests" */ = {
			isa = XCConfigurationList;
			buildConfigurations = (
				8209704F2E41F8A600EF1D2C /* Debug */,
				820970502E41F8A600EF1D2C /* Release */,
			);
			defaultConfigurationIsVisible = 0;
			defaultConfigurationName = Release;
		};
		820970512E41F8A600EF1D2C /* Build configuration list for PBXNativeTarget "simple-todo-iosUITests" */ = {
			isa = XCConfigurationList;
			buildConfigurations = (
				820970522E41F8A600EF1D2C /* Debug */,
				820970532E41F8A600EF1D2C /* Release */,
			);
			defaultConfigurationIsVisible = 0;
			defaultConfigurationName = Release;
		};
/* End XCConfigurationList section */
	};
	rootObject = 820970222E41F8A300EF1D2C /* Project object */;
}
